// !$*UTF8*$!
{
	archiveVersion = 1;
	classes = {
	};
	objectVersion = 50;
	objects = {

/* Begin PBXBuildFile section */
		42218E7F2369C30A00D52AF0 /* AppDelegate.m in Sources */ = {isa = PBXBuildFile; fileRef = 42218E7E2369C30A00D52AF0 /* AppDelegate.m */; };
		42218E822369C30A00D52AF0 /* SceneDelegate.m in Sources */ = {isa = PBXBuildFile; fileRef = 42218E812369C30A00D52AF0 /* SceneDelegate.m */; };
		42218E882369C30A00D52AF0 /* Main.storyboard in Resources */ = {isa = PBXBuildFile; fileRef = 42218E862369C30A00D52AF0 /* Main.storyboard */; };
		42218E8A2369C30B00D52AF0 /* Assets.xcassets in Resources */ = {isa = PBXBuildFile; fileRef = 42218E892369C30B00D52AF0 /* Assets.xcassets */; };
		42218E8D2369C30B00D52AF0 /* LaunchScreen.storyboard in Resources */ = {isa = PBXBuildFile; fileRef = 42218E8B2369C30B00D52AF0 /* LaunchScreen.storyboard */; };
		42218E902369C30B00D52AF0 /* main.m in Sources */ = {isa = PBXBuildFile; fileRef = 42218E8F2369C30B00D52AF0 /* main.m */; };
		42218E9A2369C30B00D52AF0 /* MyBookStoreTests.m in Sources */ = {isa = PBXBuildFile; fileRef = 42218E992369C30B00D52AF0 /* MyBookStoreTests.m */; };
		42218EA52369C30B00D52AF0 /* MyBookStoreUITests.m in Sources */ = {isa = PBXBuildFile; fileRef = 42218EA42369C30B00D52AF0 /* MyBookStoreUITests.m */; };
		42218EB42369C38B00D52AF0 /* Book.m in Sources */ = {isa = PBXBuildFile; fileRef = 42218EB32369C38B00D52AF0 /* Book.m */; };
		42218EB72369C58900D52AF0 /* MainViewController.m in Sources */ = {isa = PBXBuildFile; fileRef = 42218EB62369C58900D52AF0 /* MainViewController.m */; };
		42218EBA2369C61900D52AF0 /* BookStore.m in Sources */ = {isa = PBXBuildFile; fileRef = 42218EB92369C61900D52AF0 /* BookStore.m */; };
		42218EBD2369CC0D00D52AF0 /* BookDetailViewController.m in Sources */ = {isa = PBXBuildFile; fileRef = 42218EBC2369CC0D00D52AF0 /* BookDetailViewController.m */; };
/* End PBXBuildFile section */

/* Begin PBXContainerItemProxy section */
		42218E962369C30B00D52AF0 /* PBXContainerItemProxy */ = {
			isa = PBXContainerItemProxy;
			containerPortal = 42218E722369C30A00D52AF0 /* Project object */;
			proxyType = 1;
			remoteGlobalIDString = 42218E792369C30A00D52AF0;
			remoteInfo = MyBookStore;
		};
		42218EA12369C30B00D52AF0 /* PBXContainerItemProxy */ = {
			isa = PBXContainerItemProxy;
			containerPortal = 42218E722369C30A00D52AF0 /* Project object */;
			proxyType = 1;
			remoteGlobalIDString = 42218E792369C30A00D52AF0;
			remoteInfo = MyBookStore;
		};
/* End PBXContainerItemProxy section */

/* Begin PBXFileReference section */
		42218E7A2369C30A00D52AF0 /* MyBookStore.app */ = {isa = PBXFileReference; explicitFileType = wrapper.application; includeInIndex = 0; path = MyBookStore.app; sourceTree = BUILT_PRODUCTS_DIR; };
		42218E7D2369C30A00D52AF0 /* AppDelegate.h */ = {isa = PBXFileReference; lastKnownFileType = sourcecode.c.h; path = AppDelegate.h; sourceTree = "<group>"; };
		42218E7E2369C30A00D52AF0 /* AppDelegate.m */ = {isa = PBXFileReference; lastKnownFileType = sourcecode.c.objc; path = AppDelegate.m; sourceTree = "<group>"; };
		42218E802369C30A00D52AF0 /* SceneDelegate.h */ = {isa = PBXFileReference; lastKnownFileType = sourcecode.c.h; path = SceneDelegate.h; sourceTree = "<group>"; };
		42218E812369C30A00D52AF0 /* SceneDelegate.m */ = {isa = PBXFileReference; lastKnownFileType = sourcecode.c.objc; path = SceneDelegate.m; sourceTree = "<group>"; };
		42218E872369C30A00D52AF0 /* Base */ = {isa = PBXFileReference; lastKnownFileType = file.storyboard; name = Base; path = Base.lproj/Main.storyboard; sourceTree = "<group>"; };
		42218E892369C30B00D52AF0 /* Assets.xcassets */ = {isa = PBXFileReference; lastKnownFileType = folder.assetcatalog; path = Assets.xcassets; sourceTree = "<group>"; };
		42218E8C2369C30B00D52AF0 /* Base */ = {isa = PBXFileReference; lastKnownFileType = file.storyboard; name = Base; path = Base.lproj/LaunchScreen.storyboard; sourceTree = "<group>"; };
		42218E8E2369C30B00D52AF0 /* Info.plist */ = {isa = PBXFileReference; lastKnownFileType = text.plist.xml; path = Info.plist; sourceTree = "<group>"; };
		42218E8F2369C30B00D52AF0 /* main.m */ = {isa = PBXFileReference; lastKnownFileType = sourcecode.c.objc; path = main.m; sourceTree = "<group>"; };
		42218E952369C30B00D52AF0 /* MyBookStoreTests.xctest */ = {isa = PBXFileReference; explicitFileType = wrapper.cfbundle; includeInIndex = 0; path = MyBookStoreTests.xctest; sourceTree = BUILT_PRODUCTS_DIR; };
		42218E992369C30B00D52AF0 /* MyBookStoreTests.m */ = {isa = PBXFileReference; lastKnownFileType = sourcecode.c.objc; path = MyBookStoreTests.m; sourceTree = "<group>"; };
		42218E9B2369C30B00D52AF0 /* Info.plist */ = {isa = PBXFileReference; lastKnownFileType = text.plist.xml; path = Info.plist; sourceTree = "<group>"; };
		42218EA02369C30B00D52AF0 /* MyBookStoreUITests.xctest */ = {isa = PBXFileReference; explicitFileType = wrapper.cfbundle; includeInIndex = 0; path = MyBookStoreUITests.xctest; sourceTree = BUILT_PRODUCTS_DIR; };
		42218EA42369C30B00D52AF0 /* MyBookStoreUITests.m */ = {isa = PBXFileReference; lastKnownFileType = sourcecode.c.objc; path = MyBookStoreUITests.m; sourceTree = "<group>"; };
		42218EA62369C30B00D52AF0 /* Info.plist */ = {isa = PBXFileReference; lastKnownFileType = text.plist.xml; path = Info.plist; sourceTree = "<group>"; };
		42218EB22369C38B00D52AF0 /* Book.h */ = {isa = PBXFileReference; lastKnownFileType = sourcecode.c.h; path = Book.h; sourceTree = "<group>"; };
		42218EB32369C38B00D52AF0 /* Book.m */ = {isa = PBXFileReference; lastKnownFileType = sourcecode.c.objc; path = Book.m; sourceTree = "<group>"; };
		42218EB52369C58900D52AF0 /* MainViewController.h */ = {isa = PBXFileReference; lastKnownFileType = sourcecode.c.h; path = MainViewController.h; sourceTree = "<group>"; };
		42218EB62369C58900D52AF0 /* MainViewController.m */ = {isa = PBXFileReference; lastKnownFileType = sourcecode.c.objc; path = MainViewController.m; sourceTree = "<group>"; };
		42218EB82369C61900D52AF0 /* BookStore.h */ = {isa = PBXFileReference; lastKnownFileType = sourcecode.c.h; path = BookStore.h; sourceTree = "<group>"; };
		42218EB92369C61900D52AF0 /* BookStore.m */ = {isa = PBXFileReference; lastKnownFileType = sourcecode.c.objc; path = BookStore.m; sourceTree = "<group>"; };
		42218EBB2369CC0D00D52AF0 /* BookDetailViewController.h */ = {isa = PBXFileReference; lastKnownFileType = sourcecode.c.h; path = BookDetailViewController.h; sourceTree = "<group>"; };
		42218EBC2369CC0D00D52AF0 /* BookDetailViewController.m */ = {isa = PBXFileReference; lastKnownFileType = sourcecode.c.objc; path = BookDetailViewController.m; sourceTree = "<group>"; };
/* End PBXFileReference section */

/* Begin PBXFrameworksBuildPhase section */
		42218E772369C30A00D52AF0 /* Frameworks */ = {
			isa = PBXFrameworksBuildPhase;
			buildActionMask = 2147483647;
			files = (
			);
			runOnlyForDeploymentPostprocessing = 0;
		};
		42218E922369C30B00D52AF0 /* Frameworks */ = {
			isa = PBXFrameworksBuildPhase;
			buildActionMask = 2147483647;
			files = (
			);
			runOnlyForDeploymentPostprocessing = 0;
		};
		42218E9D2369C30B00D52AF0 /* Frameworks */ = {
			isa = PBXFrameworksBuildPhase;
			buildActionMask = 2147483647;
			files = (
			);
			runOnlyForDeploymentPostprocessing = 0;
		};
/* End PBXFrameworksBuildPhase section */

/* Begin PBXGroup section */
		42218E712369C30A00D52AF0 = {
			isa = PBXGroup;
			children = (
				42218E7C2369C30A00D52AF0 /* MyBookStore */,
				42218E982369C30B00D52AF0 /* MyBookStoreTests */,
				42218EA32369C30B00D52AF0 /* MyBookStoreUITests */,
				42218E7B2369C30A00D52AF0 /* Products */,
			);
			sourceTree = "<group>";
		};
		42218E7B2369C30A00D52AF0 /* Products */ = {
			isa = PBXGroup;
			children = (
				42218E7A2369C30A00D52AF0 /* MyBookStore.app */,
				42218E952369C30B00D52AF0 /* MyBookStoreTests.xctest */,
				42218EA02369C30B00D52AF0 /* MyBookStoreUITests.xctest */,
			);
			name = Products;
			sourceTree = "<group>";
		};
		42218E7C2369C30A00D52AF0 /* MyBookStore */ = {
			isa = PBXGroup;
			children = (
				42218E7D2369C30A00D52AF0 /* AppDelegate.h */,
				42218E7E2369C30A00D52AF0 /* AppDelegate.m */,
				42218E802369C30A00D52AF0 /* SceneDelegate.h */,
				42218E812369C30A00D52AF0 /* SceneDelegate.m */,
				42218EB22369C38B00D52AF0 /* Book.h */,
				42218EB32369C38B00D52AF0 /* Book.m */,
				42218EB82369C61900D52AF0 /* BookStore.h */,
				42218EB92369C61900D52AF0 /* BookStore.m */,
				42218EB52369C58900D52AF0 /* MainViewController.h */,
				42218EB62369C58900D52AF0 /* MainViewController.m */,
				42218EBB2369CC0D00D52AF0 /* BookDetailViewController.h */,
				42218EBC2369CC0D00D52AF0 /* BookDetailViewController.m */,
				42218E862369C30A00D52AF0 /* Main.storyboard */,
				42218E892369C30B00D52AF0 /* Assets.xcassets */,
				42218E8B2369C30B00D52AF0 /* LaunchScreen.storyboard */,
				42218E8E2369C30B00D52AF0 /* Info.plist */,
				42218E8F2369C30B00D52AF0 /* main.m */,
			);
			path = MyBookStore;
			sourceTree = "<group>";
		};
		42218E982369C30B00D52AF0 /* MyBookStoreTests */ = {
			isa = PBXGroup;
			children = (
				42218E992369C30B00D52AF0 /* MyBookStoreTests.m */,
				42218E9B2369C30B00D52AF0 /* Info.plist */,
			);
			path = MyBookStoreTests;
			sourceTree = "<group>";
		};
		42218EA32369C30B00D52AF0 /* MyBookStoreUITests */ = {
			isa = PBXGroup;
			children = (
				42218EA42369C30B00D52AF0 /* MyBookStoreUITests.m */,
				42218EA62369C30B00D52AF0 /* Info.plist */,
			);
			path = MyBookStoreUITests;
			sourceTree = "<group>";
		};
/* End PBXGroup section */

/* Begin PBXNativeTarget section */
		42218E792369C30A00D52AF0 /* MyBookStore */ = {
			isa = PBXNativeTarget;
			buildConfigurationList = 42218EA92369C30B00D52AF0 /* Build configuration list for PBXNativeTarget "MyBookStore" */;
			buildPhases = (
				42218E762369C30A00D52AF0 /* Sources */,
				42218E772369C30A00D52AF0 /* Frameworks */,
				42218E782369C30A00D52AF0 /* Resources */,
			);
			buildRules = (
			);
			dependencies = (
			);
			name = MyBookStore;
			productName = MyBookStore;
			productReference = 42218E7A2369C30A00D52AF0 /* MyBookStore.app */;
			productType = "com.apple.product-type.application";
		};
		42218E942369C30B00D52AF0 /* MyBookStoreTests */ = {
			isa = PBXNativeTarget;
			buildConfigurationList = 42218EAC2369C30B00D52AF0 /* Build configuration list for PBXNativeTarget "MyBookStoreTests" */;
			buildPhases = (
				42218E912369C30B00D52AF0 /* Sources */,
				42218E922369C30B00D52AF0 /* Frameworks */,
				42218E932369C30B00D52AF0 /* Resources */,
			);
			buildRules = (
			);
			dependencies = (
				42218E972369C30B00D52AF0 /* PBXTargetDependency */,
			);
			name = MyBookStoreTests;
			productName = MyBookStoreTests;
			productReference = 42218E952369C30B00D52AF0 /* MyBookStoreTests.xctest */;
			productType = "com.apple.product-type.bundle.unit-test";
		};
		42218E9F2369C30B00D52AF0 /* MyBookStoreUITests */ = {
			isa = PBXNativeTarget;
			buildConfigurationList = 42218EAF2369C30B00D52AF0 /* Build configuration list for PBXNativeTarget "MyBookStoreUITests" */;
			buildPhases = (
				42218E9C2369C30B00D52AF0 /* Sources */,
				42218E9D2369C30B00D52AF0 /* Frameworks */,
				42218E9E2369C30B00D52AF0 /* Resources */,
			);
			buildRules = (
			);
			dependencies = (
				42218EA22369C30B00D52AF0 /* PBXTargetDependency */,
			);
			name = MyBookStoreUITests;
			productName = MyBookStoreUITests;
			productReference = 42218EA02369C30B00D52AF0 /* MyBookStoreUITests.xctest */;
			productType = "com.apple.product-type.bundle.ui-testing";
		};
/* End PBXNativeTarget section */

/* Begin PBXProject section */
		42218E722369C30A00D52AF0 /* Project object */ = {
			isa = PBXProject;
			attributes = {
				LastUpgradeCheck = 1110;
				ORGANIZATIONNAME = com.ccyag;
				TargetAttributes = {
					42218E792369C30A00D52AF0 = {
						CreatedOnToolsVersion = 11.1;
					};
					42218E942369C30B00D52AF0 = {
						CreatedOnToolsVersion = 11.1;
						TestTargetID = 42218E792369C30A00D52AF0;
					};
					42218E9F2369C30B00D52AF0 = {
						CreatedOnToolsVersion = 11.1;
						TestTargetID = 42218E792369C30A00D52AF0;
					};
				};
			};
			buildConfigurationList = 42218E752369C30A00D52AF0 /* Build configuration list for PBXProject "MyBookStore" */;
			compatibilityVersion = "Xcode 9.3";
			developmentRegion = en;
			hasScannedForEncodings = 0;
			knownRegions = (
				en,
				Base,
			);
			mainGroup = 42218E712369C30A00D52AF0;
			productRefGroup = 42218E7B2369C30A00D52AF0 /* Products */;
			projectDirPath = "";
			projectRoot = "";
			targets = (
				42218E792369C30A00D52AF0 /* MyBookStore */,
				42218E942369C30B00D52AF0 /* MyBookStoreTests */,
				42218E9F2369C30B00D52AF0 /* MyBookStoreUITests */,
			);
		};
/* End PBXProject section */

/* Begin PBXResourcesBuildPhase section */
		42218E782369C30A00D52AF0 /* Resources */ = {
			isa = PBXResourcesBuildPhase;
			buildActionMask = 2147483647;
			files = (
				42218E8D2369C30B00D52AF0 /* LaunchScreen.storyboard in Resources */,
				42218E8A2369C30B00D52AF0 /* Assets.xcassets in Resources */,
				42218E882369C30A00D52AF0 /* Main.storyboard in Resources */,
			);
			runOnlyForDeploymentPostprocessing = 0;
		};
		42218E932369C30B00D52AF0 /* Resources */ = {
			isa = PBXResourcesBuildPhase;
			buildActionMask = 2147483647;
			files = (
			);
			runOnlyForDeploymentPostprocessing = 0;
		};
		42218E9E2369C30B00D52AF0 /* Resources */ = {
			isa = PBXResourcesBuildPhase;
			buildActionMask = 2147483647;
			files = (
			);
			runOnlyForDeploymentPostprocessing = 0;
		};
/* End PBXResourcesBuildPhase section */

/* Begin PBXSourcesBuildPhase section */
		42218E762369C30A00D52AF0 /* Sources */ = {
			isa = PBXSourcesBuildPhase;
			buildActionMask = 2147483647;
			files = (
				42218EB42369C38B00D52AF0 /* Book.m in Sources */,
				42218E7F2369C30A00D52AF0 /* AppDelegate.m in Sources */,
				42218E902369C30B00D52AF0 /* main.m in Sources */,
				42218EB72369C58900D52AF0 /* MainViewController.m in Sources */,
				42218EBA2369C61900D52AF0 /* BookStore.m in Sources */,
				42218EBD2369CC0D00D52AF0 /* BookDetailViewController.m in Sources */,
				42218E822369C30A00D52AF0 /* SceneDelegate.m in Sources */,
			);
			runOnlyForDeploymentPostprocessing = 0;
		};
		42218E912369C30B00D52AF0 /* Sources */ = {
			isa = PBXSourcesBuildPhase;
			buildActionMask = 2147483647;
			files = (
				42218E9A2369C30B00D52AF0 /* MyBookStoreTests.m in Sources */,
			);
			runOnlyForDeploymentPostprocessing = 0;
		};
		42218E9C2369C30B00D52AF0 /* Sources */ = {
			isa = PBXSourcesBuildPhase;
			buildActionMask = 2147483647;
			files = (
				42218EA52369C30B00D52AF0 /* MyBookStoreUITests.m in Sources */,
			);
			runOnlyForDeploymentPostprocessing = 0;
		};
/* End PBXSourcesBuildPhase section */

/* Begin PBXTargetDependency section */
		42218E972369C30B00D52AF0 /* PBXTargetDependency */ = {
			isa = PBXTargetDependency;
			target = 42218E792369C30A00D52AF0 /* MyBookStore */;
			targetProxy = 42218E962369C30B00D52AF0 /* PBXContainerItemProxy */;
		};
		42218EA22369C30B00D52AF0 /* PBXTargetDependency */ = {
			isa = PBXTargetDependency;
			target = 42218E792369C30A00D52AF0 /* MyBookStore */;
			targetProxy = 42218EA12369C30B00D52AF0 /* PBXContainerItemProxy */;
		};
/* End PBXTargetDependency section */

/* Begin PBXVariantGroup section */
		42218E862369C30A00D52AF0 /* Main.storyboard */ = {
			isa = PBXVariantGroup;
			children = (
				42218E872369C30A00D52AF0 /* Base */,
			);
			name = Main.storyboard;
			sourceTree = "<group>";
		};
		42218E8B2369C30B00D52AF0 /* LaunchScreen.storyboard */ = {
			isa = PBXVariantGroup;
			children = (
				42218E8C2369C30B00D52AF0 /* Base */,
			);
			name = LaunchScreen.storyboard;
			sourceTree = "<group>";
		};
/* End PBXVariantGroup section */

/* Begin XCBuildConfiguration section */
		42218EA72369C30B00D52AF0 /* Debug */ = {
			isa = XCBuildConfiguration;
			buildSettings = {
				ALWAYS_SEARCH_USER_PATHS = NO;
				CLANG_ANALYZER_NONNULL = YES;
				CLANG_ANALYZER_NUMBER_OBJECT_CONVERSION = YES_AGGRESSIVE;
				CLANG_CXX_LANGUAGE_STANDARD = "gnu++14";
				CLANG_CXX_LIBRARY = "libc++";
				CLANG_ENABLE_MODULES = YES;
				CLANG_ENABLE_OBJC_ARC = YES;
				CLANG_ENABLE_OBJC_WEAK = YES;
				CLANG_WARN_BLOCK_CAPTURE_AUTORELEASING = YES;
				CLANG_WARN_BOOL_CONVERSION = YES;
				CLANG_WARN_COMMA = YES;
				CLANG_WARN_CONSTANT_CONVERSION = YES;
				CLANG_WARN_DEPRECATED_OBJC_IMPLEMENTATIONS = YES;
				CLANG_WARN_DIRECT_OBJC_ISA_USAGE = YES_ERROR;
				CLANG_WARN_DOCUMENTATION_COMMENTS = YES;
				CLANG_WARN_EMPTY_BODY = YES;
				CLANG_WARN_ENUM_CONVERSION = YES;
				CLANG_WARN_INFINITE_RECURSION = YES;
				CLANG_WARN_INT_CONVERSION = YES;
				CLANG_WARN_NON_LITERAL_NULL_CONVERSION = YES;
				CLANG_WARN_OBJC_IMPLICIT_RETAIN_SELF = YES;
				CLANG_WARN_OBJC_LITERAL_CONVERSION = YES;
				CLANG_WARN_OBJC_ROOT_CLASS = YES_ERROR;
				CLANG_WARN_RANGE_LOOP_ANALYSIS = YES;
				CLANG_WARN_STRICT_PROTOTYPES = YES;
				CLANG_WARN_SUSPICIOUS_MOVE = YES;
				CLANG_WARN_UNGUARDED_AVAILABILITY = YES_AGGRESSIVE;
				CLANG_WARN_UNREACHABLE_CODE = YES;
				CLANG_WARN__DUPLICATE_METHOD_MATCH = YES;
				COPY_PHASE_STRIP = NO;
				DEBUG_INFORMATION_FORMAT = dwarf;
				ENABLE_STRICT_OBJC_MSGSEND = YES;
				ENABLE_TESTABILITY = YES;
				GCC_C_LANGUAGE_STANDARD = gnu11;
				GCC_DYNAMIC_NO_PIC = NO;
				GCC_NO_COMMON_BLOCKS = YES;
				GCC_OPTIMIZATION_LEVEL = 0;
				GCC_PREPROCESSOR_DEFINITIONS = (
					"DEBUG=1",
					"$(inherited)",
				);
				GCC_WARN_64_TO_32_BIT_CONVERSION = YES;
				GCC_WARN_ABOUT_RETURN_TYPE = YES_ERROR;
				GCC_WARN_UNDECLARED_SELECTOR = YES;
				GCC_WARN_UNINITIALIZED_AUTOS = YES_AGGRESSIVE;
				GCC_WARN_UNUSED_FUNCTION = YES;
				GCC_WARN_UNUSED_VARIABLE = YES;
				IPHONEOS_DEPLOYMENT_TARGET = 13.1;
				MTL_ENABLE_DEBUG_INFO = INCLUDE_SOURCE;
				MTL_FAST_MATH = YES;
				ONLY_ACTIVE_ARCH = YES;
				SDKROOT = iphoneos;
			};
			name = Debug;
		};
		42218EA82369C30B00D52AF0 /* Release */ = {
			isa = XCBuildConfiguration;
			buildSettings = {
				ALWAYS_SEARCH_USER_PATHS = NO;
				CLANG_ANALYZER_NONNULL = YES;
				CLANG_ANALYZER_NUMBER_OBJECT_CONVERSION = YES_AGGRESSIVE;
				CLANG_CXX_LANGUAGE_STANDARD = "gnu++14";
				CLANG_CXX_LIBRARY = "libc++";
				CLANG_ENABLE_MODULES = YES;
				CLANG_ENABLE_OBJC_ARC = YES;
				CLANG_ENABLE_OBJC_WEAK = YES;
				CLANG_WARN_BLOCK_CAPTURE_AUTORELEASING = YES;
				CLANG_WARN_BOOL_CONVERSION = YES;
				CLANG_WARN_COMMA = YES;
				CLANG_WARN_CONSTANT_CONVERSION = YES;
				CLANG_WARN_DEPRECATED_OBJC_IMPLEMENTATIONS = YES;
				CLANG_WARN_DIRECT_OBJC_ISA_USAGE = YES_ERROR;
				CLANG_WARN_DOCUMENTATION_COMMENTS = YES;
				CLANG_WARN_EMPTY_BODY = YES;
				CLANG_WARN_ENUM_CONVERSION = YES;
				CLANG_WARN_INFINITE_RECURSION = YES;
				CLANG_WARN_INT_CONVERSION = YES;
				CLANG_WARN_NON_LITERAL_NULL_CONVERSION = YES;
				CLANG_WARN_OBJC_IMPLICIT_RETAIN_SELF = YES;
				CLANG_WARN_OBJC_LITERAL_CONVERSION = YES;
				CLANG_WARN_OBJC_ROOT_CLASS = YES_ERROR;
				CLANG_WARN_RANGE_LOOP_ANALYSIS = YES;
				CLANG_WARN_STRICT_PROTOTYPES = YES;
				CLANG_WARN_SUSPICIOUS_MOVE = YES;
				CLANG_WARN_UNGUARDED_AVAILABILITY = YES_AGGRESSIVE;
				CLANG_WARN_UNREACHABLE_CODE = YES;
				CLANG_WARN__DUPLICATE_METHOD_MATCH = YES;
				COPY_PHASE_STRIP = NO;
				DEBUG_INFORMATION_FORMAT = "dwarf-with-dsym";
				ENABLE_NS_ASSERTIONS = NO;
				ENABLE_STRICT_OBJC_MSGSEND = YES;
				GCC_C_LANGUAGE_STANDARD = gnu11;
				GCC_NO_COMMON_BLOCKS = YES;
				GCC_WARN_64_TO_32_BIT_CONVERSION = YES;
				GCC_WARN_ABOUT_RETURN_TYPE = YES_ERROR;
				GCC_WARN_UNDECLARED_SELECTOR = YES;
				GCC_WARN_UNINITIALIZED_AUTOS = YES_AGGRESSIVE;
				GCC_WARN_UNUSED_FUNCTION = YES;
				GCC_WARN_UNUSED_VARIABLE = YES;
				IPHONEOS_DEPLOYMENT_TARGET = 13.1;
				MTL_ENABLE_DEBUG_INFO = NO;
				MTL_FAST_MATH = YES;
				SDKROOT = iphoneos;
				VALIDATE_PRODUCT = YES;
			};
			name = Release;
		};
		42218EAA2369C30B00D52AF0 /* Debug */ = {
			isa = XCBuildConfiguration;
			buildSettings = {
				ASSETCATALOG_COMPILER_APPICON_NAME = AppIcon;
				CODE_SIGN_STYLE = Automatic;
				DEVELOPMENT_TEAM = 8Q66E2DEFC;
				INFOPLIST_FILE = MyBookStore/Info.plist;
				LD_RUNPATH_SEARCH_PATHS = (
					"$(inherited)",
					"@executable_path/Frameworks",
				);
				PRODUCT_BUNDLE_IDENTIFIER = com.ccyag.MyBookStore;
				PRODUCT_NAME = "$(TARGET_NAME)";
				TARGETED_DEVICE_FAMILY = "1,2";
			};
			name = Debug;
		};
		42218EAB2369C30B00D52AF0 /* Release */ = {
			isa = XCBuildConfiguration;
			buildSettings = {
				ASSETCATALOG_COMPILER_APPICON_NAME = AppIcon;
				CODE_SIGN_STYLE = Automatic;
				DEVELOPMENT_TEAM = 8Q66E2DEFC;
				INFOPLIST_FILE = MyBookStore/Info.plist;
				LD_RUNPATH_SEARCH_PATHS = (
					"$(inherited)",
					"@executable_path/Frameworks",
				);
				PRODUCT_BUNDLE_IDENTIFIER = com.ccyag.MyBookStore;
				PRODUCT_NAME = "$(TARGET_NAME)";
				TARGETED_DEVICE_FAMILY = "1,2";
			};
			name = Release;
		};
		42218EAD2369C30B00D52AF0 /* Debug */ = {
			isa = XCBuildConfiguration;
			buildSettings = {
				BUNDLE_LOADER = "$(TEST_HOST)";
				CODE_SIGN_STYLE = Automatic;
				DEVELOPMENT_TEAM = 8Q66E2DEFC;
				INFOPLIST_FILE = MyBookStoreTests/Info.plist;
				IPHONEOS_DEPLOYMENT_TARGET = 13.1;
				LD_RUNPATH_SEARCH_PATHS = (
					"$(inherited)",
					"@executable_path/Frameworks",
					"@loader_path/Frameworks",
				);
				PRODUCT_BUNDLE_IDENTIFIER = com.ccyag.MyBookStoreTests;
				PRODUCT_NAME = "$(TARGET_NAME)";
				TARGETED_DEVICE_FAMILY = "1,2";
				TEST_HOST = "$(BUILT_PRODUCTS_DIR)/MyBookStore.app/MyBookStore";
			};
			name = Debug;
		};
		42218EAE2369C30B00D52AF0 /* Release */ = {
			isa = XCBuildConfiguration;
			buildSettings = {
				BUNDLE_LOADER = "$(TEST_HOST)";
				CODE_SIGN_STYLE = Automatic;
				DEVELOPMENT_TEAM = 8Q66E2DEFC;
				INFOPLIST_FILE = MyBookStoreTests/Info.plist;
				IPHONEOS_DEPLOYMENT_TARGET = 13.1;
				LD_RUNPATH_SEARCH_PATHS = (
					"$(inherited)",
					"@executable_path/Frameworks",
					"@loader_path/Frameworks",
				);
				PRODUCT_BUNDLE_IDENTIFIER = com.ccyag.MyBookStoreTests;
				PRODUCT_NAME = "$(TARGET_NAME)";
				TARGETED_DEVICE_FAMILY = "1,2";
				TEST_HOST = "$(BUILT_PRODUCTS_DIR)/MyBookStore.app/MyBookStore";
			};
			name = Release;
		};
		42218EB02369C30B00D52AF0 /* Debug */ = {
			isa = XCBuildConfiguration;
			buildSettings = {
				CODE_SIGN_STYLE = Automatic;
				DEVELOPMENT_TEAM = 8Q66E2DEFC;
				INFOPLIST_FILE = MyBookStoreUITests/Info.plist;
				LD_RUNPATH_SEARCH_PATHS = (
					"$(inherited)",
					"@executable_path/Frameworks",
					"@loader_path/Frameworks",
				);
				PRODUCT_BUNDLE_IDENTIFIER = com.ccyag.MyBookStoreUITests;
				PRODUCT_NAME = "$(TARGET_NAME)";
				TARGETED_DEVICE_FAMILY = "1,2";
				TEST_TARGET_NAME = MyBookStore;
			};
			name = Debug;
		};
		42218EB12369C30B00D52AF0 /* Release */ = {
			isa = XCBuildConfiguration;
			buildSettings = {
				CODE_SIGN_STYLE = Automatic;
				DEVELOPMENT_TEAM = 8Q66E2DEFC;
				INFOPLIST_FILE = MyBookStoreUITests/Info.plist;
				LD_RUNPATH_SEARCH_PATHS = (
					"$(inherited)",
					"@executable_path/Frameworks",
					"@loader_path/Frameworks",
				);
				PRODUCT_BUNDLE_IDENTIFIER = com.ccyag.MyBookStoreUITests;
				PRODUCT_NAME = "$(TARGET_NAME)";
				TARGETED_DEVICE_FAMILY = "1,2";
				TEST_TARGET_NAME = MyBookStore;
			};
			name = Release;
		};
/* End XCBuildConfiguration section */

/* Begin XCConfigurationList section */
		42218E752369C30A00D52AF0 /* Build configuration list for PBXProject "MyBookStore" */ = {
			isa = XCConfigurationList;
			buildConfigurations = (
				42218EA72369C30B00D52AF0 /* Debug */,
				42218EA82369C30B00D52AF0 /* Release */,
			);
			defaultConfigurationIsVisible = 0;
			defaultConfigurationName = Release;
		};
		42218EA92369C30B00D52AF0 /* Build configuration list for PBXNativeTarget "MyBookStore" */ = {
			isa = XCConfigurationList;
			buildConfigurations = (
				42218EAA2369C30B00D52AF0 /* Debug */,
				42218EAB2369C30B00D52AF0 /* Release */,
			);
			defaultConfigurationIsVisible = 0;
			defaultConfigurationName = Release;
		};
		42218EAC2369C30B00D52AF0 /* Build configuration list for PBXNativeTarget "MyBookStoreTests" */ = {
			isa = XCConfigurationList;
			buildConfigurations = (
				42218EAD2369C30B00D52AF0 /* Debug */,
				42218EAE2369C30B00D52AF0 /* Release */,
			);
			defaultConfigurationIsVisible = 0;
			defaultConfigurationName = Release;
		};
		42218EAF2369C30B00D52AF0 /* Build configuration list for PBXNativeTarget "MyBookStoreUITests" */ = {
			isa = XCConfigurationList;
			buildConfigurations = (
				42218EB02369C30B00D52AF0 /* Debug */,
				42218EB12369C30B00D52AF0 /* Release */,
			);
			defaultConfigurationIsVisible = 0;
			defaultConfigurationName = Release;
		};
/* End XCConfigurationList section */
	};
	rootObject = 42218E722369C30A00D52AF0 /* Project object */;
}
